
Microsoft Visual Studio Solution File, Format Version 12.00
# Visual Studio Version 17
VisualStudioVersion = 17.4.33205.214
MinimumVisualStudioVersion = 10.0.40219.1
Project("{9A19103F-16F7-4668-BE54-9A1E7A4F7556}") = "SpaceSystemWeb", "SpaceSystemWeb\SpaceSystemWeb.csproj", "{79E1DD2A-36E9-48F5-B7F6-7FFBDC7AD9AE}"
EndProject
Project("{9A19103F-16F7-4668-BE54-9A1E7A4F7556}") = "SpaceSystemWebData", "SpaceSystemWebData\SpaceSystemWebData.csproj", "{EA3D7C70-B695-4E5C-BB5A-7045EF76B323}"
EndProject
Project("{9A19103F-16F7-4668-BE54-9A1E7A4F7556}") = "SpaceSystemWebModels", "SpaceSystemWebModels\SpaceSystemWebModels.csproj", "{16713094-C3FE-4C0B-A6D1-67C0D7E05DF4}"
EndProject
Project("{9A19103F-16F7-4668-BE54-9A1E7A4F7556}") = "SpaceSystemWebRepositories", "SpaceSystemWebRepositories\SpaceSystemWebRepositories.csproj", "{7EA3FA9A-2AC1-434A-998F-1F82F604D355}"
EndProject
Project("{9A19103F-16F7-4668-BE54-9A1E7A4F7556}") = "SpaceSystemWebServices", "SpaceSystemWebServices\SpaceSystemWebServices.csproj", "{E852D69D-3151-4A96-818C-DBC00CE52174}"
EndProject
Global
	GlobalSection(SolutionConfigurationPlatforms) = preSolution
		Debug|Any CPU = Debug|Any CPU
		Release|Any CPU = Release|Any CPU
	EndGlobalSection
	GlobalSection(ProjectConfigurationPlatforms) = postSolution
		{79E1DD2A-36E9-48F5-B7F6-7FFBDC7AD9AE}.Debug|Any CPU.ActiveCfg = Debug|Any CPU
		{79E1DD2A-36E9-48F5-B7F6-7FFBDC7AD9AE}.Debug|Any CPU.Build.0 = Debug|Any CPU
		{79E1DD2A-36E9-48F5-B7F6-7FFBDC7AD9AE}.Release|Any CPU.ActiveCfg = Release|Any CPU
		{79E1DD2A-36E9-48F5-B7F6-7FFBDC7AD9AE}.Release|Any CPU.Build.0 = Release|Any CPU
		{EA3D7C70-B695-4E5C-BB5A-7045EF76B323}.Debug|Any CPU.ActiveCfg = Debug|Any CPU
		{EA3D7C70-B695-4E5C-BB5A-7045EF76B323}.Debug|Any CPU.Build.0 = Debug|Any CPU
		{EA3D7C70-B695-4E5C-BB5A-7045EF76B323}.Release|Any CPU.ActiveCfg = Release|Any CPU
		{EA3D7C70-B695-4E5C-BB5A-7045EF76B323}.Release|Any CPU.Build.0 = Release|Any CPU
		{16713094-C3FE-4C0B-A6D1-67C0D7E05DF4}.Debug|Any CPU.ActiveCfg = Debug|Any CPU
		{16713094-C3FE-4C0B-A6D1-67C0D7E05DF4}.Debug|Any CPU.Build.0 = Debug|Any CPU
		{16713094-C3FE-4C0B-A6D1-67C0D7E05DF4}.Release|Any CPU.ActiveCfg = Release|Any CPU
		{16713094-C3FE-4C0B-A6D1-67C0D7E05DF4}.Release|Any CPU.Build.0 = Release|Any CPU
		{7EA3FA9A-2AC1-434A-998F-1F82F604D355}.Debug|Any CPU.ActiveCfg = Debug|Any CPU
		{7EA3FA9A-2AC1-434A-998F-1F82F604D355}.Debug|Any CPU.Build.0 = Debug|Any CPU
		{7EA3FA9A-2AC1-434A-998F-1F82F604D355}.Release|Any CPU.ActiveCfg = Release|Any CPU
		{7EA3FA9A-2AC1-434A-998F-1F82F604D355}.Release|Any CPU.Build.0 = Release|Any CPU
		{E852D69D-3151-4A96-818C-DBC00CE52174}.Debug|Any CPU.ActiveCfg = Debug|Any CPU
		{E852D69D-3151-4A96-818C-DBC00CE52174}.Debug|Any CPU.Build.0 = Debug|Any CPU
		{E852D69D-3151-4A96-818C-DBC00CE52174}.Release|Any CPU.ActiveCfg = Release|Any CPU
		{E852D69D-3151-4A96-818C-DBC00CE52174}.Release|Any CPU.Build.0 = Release|Any CPU
	EndGlobalSection
	GlobalSection(SolutionProperties) = preSolution
		HideSolutionNode = FALSE
	EndGlobalSection
	GlobalSection(ExtensibilityGlobals) = postSolution
		SolutionGuid = {74171EC2-47CE-4D62-A56B-07F1C1566F0F}
	EndGlobalSection
EndGlobal
